
Microsoft Visual Studio Solution File, Format Version 12.00
# Visual Studio Version 16
VisualStudioVersion = 16.0.30804.86
MinimumVisualStudioVersion = 10.0.40219.1
Project("{FAE04EC0-301F-11D3-BF4B-00C04F79EFBC}") = "AspPracticas", "AspPracticas\AspPracticas.csproj", "{45975D8D-AB30-46D7-8886-FD1E3A8AD565}"
EndProject
Global
	GlobalSection(SolutionConfigurationPlatforms) = preSolution
		Debug|Any CPU = Debug|Any CPU
		Release|Any CPU = Release|Any CPU
	EndGlobalSection
	GlobalSection(ProjectConfigurationPlatforms) = postSolution
		{45975D8D-AB30-46D7-8886-FD1E3A8AD565}.Debug|Any CPU.ActiveCfg = Debug|Any CPU
		{45975D8D-AB30-46D7-8886-FD1E3A8AD565}.Debug|Any CPU.Build.0 = Debug|Any CPU
		{45975D8D-AB30-46D7-8886-FD1E3A8AD565}.Release|Any CPU.ActiveCfg = Release|Any CPU
		{45975D8D-AB30-46D7-8886-FD1E3A8AD565}.Release|Any CPU.Build.0 = Release|Any CPU
	EndGlobalSection
	GlobalSection(SolutionProperties) = preSolution
		HideSolutionNode = FALSE
	EndGlobalSection
	GlobalSection(ExtensibilityGlobals) = postSolution
		SolutionGuid = {9A67E499-084A-4CD7-A17E-BF534F34C8F9}
	EndGlobalSection
EndGlobal
